
Microsoft Visual Studio Solution File, Format Version 12.00
# Visual Studio 15
VisualStudioVersion = 15.0.27004.2002
MinimumVisualStudioVersion = 10.0.40219.1
Project("{FAE04EC0-301F-11D3-BF4B-00C04F79EFBC}") = "FirstSymbolReturn", "FirstSymbolReturn\FirstSymbolReturn.csproj", "{786C675A-BE06-4A5B-9FBC-7AFDAA877ABA}"
EndProject
Project("{FAE04EC0-301F-11D3-BF4B-00C04F79EFBC}") = "StringToInt", "StringToInt\StringToInt.csproj", "{53D7FCEA-67D2-4D69-8274-E9D0290273DD}"
EndProject
Project("{FAE04EC0-301F-11D3-BF4B-00C04F79EFBC}") = "ConsoleApp1", "ConsoleApp1\ConsoleApp1.csproj", "{846CDE5D-0152-4FB2-AD17-8868B5CF81B3}"
EndProject
Global
	GlobalSection(SolutionConfigurationPlatforms) = preSolution
		Debug|Any CPU = Debug|Any CPU
		Release|Any CPU = Release|Any CPU
	EndGlobalSection
	GlobalSection(ProjectConfigurationPlatforms) = postSolution
		{786C675A-BE06-4A5B-9FBC-7AFDAA877ABA}.Debug|Any CPU.ActiveCfg = Debug|Any CPU
		{786C675A-BE06-4A5B-9FBC-7AFDAA877ABA}.Debug|Any CPU.Build.0 = Debug|Any CPU
		{786C675A-BE06-4A5B-9FBC-7AFDAA877ABA}.Release|Any CPU.ActiveCfg = Release|Any CPU
		{786C675A-BE06-4A5B-9FBC-7AFDAA877ABA}.Release|Any CPU.Build.0 = Release|Any CPU
		{53D7FCEA-67D2-4D69-8274-E9D0290273DD}.Debug|Any CPU.ActiveCfg = Debug|Any CPU
		{53D7FCEA-67D2-4D69-8274-E9D0290273DD}.Debug|Any CPU.Build.0 = Debug|Any CPU
		{53D7FCEA-67D2-4D69-8274-E9D0290273DD}.Release|Any CPU.ActiveCfg = Release|Any CPU
		{53D7FCEA-67D2-4D69-8274-E9D0290273DD}.Release|Any CPU.Build.0 = Release|Any CPU
		{846CDE5D-0152-4FB2-AD17-8868B5CF81B3}.Debug|Any CPU.ActiveCfg = Debug|Any CPU
		{846CDE5D-0152-4FB2-AD17-8868B5CF81B3}.Debug|Any CPU.Build.0 = Debug|Any CPU
		{846CDE5D-0152-4FB2-AD17-8868B5CF81B3}.Release|Any CPU.ActiveCfg = Release|Any CPU
		{846CDE5D-0152-4FB2-AD17-8868B5CF81B3}.Release|Any CPU.Build.0 = Release|Any CPU
	EndGlobalSection
	GlobalSection(SolutionProperties) = preSolution
		HideSolutionNode = FALSE
	EndGlobalSection
	GlobalSection(ExtensibilityGlobals) = postSolution
		SolutionGuid = {BB48C1E6-4D7D-4237-A45B-9053132870E1}
	EndGlobalSection
EndGlobal
